{
  "name": "random-messages-from-3000-words",
  "version": "1.0.3",
  "lockfileVersion": 2,
  "requires": true,
  "packages": {
    "": {
      "name": "random-messages-from-3000-words",
      "version": "1.0.3",
      "license": "MIT",
      "bin": {
        "random-msg": "bin/global.js"
      }
    }
  }
}
